
Microsoft Visual Studio Solution File, Format Version 12.00
# Visual Studio 15
VisualStudioVersion = 15.0.26228.9
MinimumVisualStudioVersion = 10.0.40219.1
Project("{FAE04EC0-301F-11D3-BF4B-00C04F79EFBC}") = "ToText.API", "src\ToText.API\ToText.API.csproj", "{7A8BE708-316A-4B22-B78E-382894E992DF}"
EndProject
Project("{FAE04EC0-301F-11D3-BF4B-00C04F79EFBC}") = "ToText.Example", "src\ToText.Example\ToText.Example.csproj", "{79EAF8DB-162A-49A0-B408-F938B2713FC3}"
EndProject
Global
	GlobalSection(SolutionConfigurationPlatforms) = preSolution
		Debug|Any CPU = Debug|Any CPU
		Release|Any CPU = Release|Any CPU
	EndGlobalSection
	GlobalSection(ProjectConfigurationPlatforms) = postSolution
		{7A8BE708-316A-4B22-B78E-382894E992DF}.Debug|Any CPU.ActiveCfg = Debug|Any CPU
		{7A8BE708-316A-4B22-B78E-382894E992DF}.Debug|Any CPU.Build.0 = Debug|Any CPU
		{7A8BE708-316A-4B22-B78E-382894E992DF}.Release|Any CPU.ActiveCfg = Release|Any CPU
		{7A8BE708-316A-4B22-B78E-382894E992DF}.Release|Any CPU.Build.0 = Release|Any CPU
		{79EAF8DB-162A-49A0-B408-F938B2713FC3}.Debug|Any CPU.ActiveCfg = Debug|Any CPU
		{79EAF8DB-162A-49A0-B408-F938B2713FC3}.Debug|Any CPU.Build.0 = Debug|Any CPU
		{79EAF8DB-162A-49A0-B408-F938B2713FC3}.Release|Any CPU.ActiveCfg = Release|Any CPU
		{79EAF8DB-162A-49A0-B408-F938B2713FC3}.Release|Any CPU.Build.0 = Release|Any CPU
	EndGlobalSection
	GlobalSection(SolutionProperties) = preSolution
		HideSolutionNode = FALSE
	EndGlobalSection
	GlobalSection(ExtensibilityGlobals) = postSolution
		SolutionGuid = {C54428AA-88FB-4691-87CB-8F32C2494903}
	EndGlobalSection
EndGlobal
